
Microsoft Visual Studio Solution File, Format Version 12.00
# Visual Studio Version 17
VisualStudioVersion = 17.9.34607.119
MinimumVisualStudioVersion = 10.0.40219.1
Project("{FAE04EC0-301F-11D3-BF4B-00C04F79EFBC}") = "PrinciplesPracticesPatterns", "PrinciplesPracticesPatterns\PrinciplesPracticesPatterns.csproj", "{BC5AEC19-53D6-444A-8AAF-B4ED77A2D72F}"
EndProject
Global
	GlobalSection(SolutionConfigurationPlatforms) = preSolution
		Debug|Any CPU = Debug|Any CPU
		Release|Any CPU = Release|Any CPU
	EndGlobalSection
	GlobalSection(ProjectConfigurationPlatforms) = postSolution
		{BC5AEC19-53D6-444A-8AAF-B4ED77A2D72F}.Debug|Any CPU.ActiveCfg = Debug|Any CPU
		{BC5AEC19-53D6-444A-8AAF-B4ED77A2D72F}.Debug|Any CPU.Build.0 = Debug|Any CPU
		{BC5AEC19-53D6-444A-8AAF-B4ED77A2D72F}.Release|Any CPU.ActiveCfg = Release|Any CPU
		{BC5AEC19-53D6-444A-8AAF-B4ED77A2D72F}.Release|Any CPU.Build.0 = Release|Any CPU
	EndGlobalSection
	GlobalSection(SolutionProperties) = preSolution
		HideSolutionNode = FALSE
	EndGlobalSection
	GlobalSection(ExtensibilityGlobals) = postSolution
		SolutionGuid = {ECDE5F81-A023-4D66-A836-DCE47893C048}
	EndGlobalSection
EndGlobal
